# This file was autogenerated by Stack.
# You should not edit this file by hand.
# For more information, please see the documentation at:
#   https://docs.haskellstack.org/en/stable/lock_files

packages:
- completed:
    hackage: hakyll-4.13.0.1@sha256:0f27d74feaedc96648ec5377ecec2b35dd677516c9667d179462a350f2075628,8817
    pantry-tree:
      size: 7841
      sha256: 4a4409d287ee3daabb0141e3ebd3d2e88ead7382ba5cc582733907b4a938c4a8
  original:
    hackage: hakyll-4.13.0.1
- completed:
    hackage: haskell-src-exts-1.21.1@sha256:11d18ec3f463185f81b7819376b532e3087f8192cffc629aac5c9eec88897b35,4541
    pantry-tree:
      size: 95170
      sha256: 487db8defe20a7c8bdf5b4a9a68ec616a4349bdb643f2dc7c9d71e1a6495c8c7
  original:
    hackage: haskell-src-exts-1.21.1@sha256:11d18ec3f463185f81b7819376b532e3087f8192cffc629aac5c9eec88897b35,4541
- completed:
    hackage: cairo-0.13.8.0@sha256:9b64a376ebaa4f153bba5866a32291fd4bed48147009cce9158ce6533928eba8,4075
    pantry-tree:
      size: 2830
      sha256: 07aeb4b5eaa1d8201f67f4b8011aaf182ceb4e558066e59d482485fc02895994
  original:
    hackage: cairo-0.13.8.0
- completed:
    hackage: gtk2hs-buildtools-0.13.8.0@sha256:132f38155fc677430a47ea750918973161c876fb6f281d342ac2f07eb99229ce,5238
    pantry-tree:
      size: 3588
      sha256: 4552e3c0f2ef0f16285c38898d7e2b6aeea67d4e37cd203b0c82f70592096c45
  original:
    hackage: gtk2hs-buildtools-0.13.8.0
- completed:
    hackage: Chart-1.9.1@sha256:a5e052a4a74d7e85ab4661d0567401f1c55e8a94e93030d34cf6cf72c68df8ec,2949
    pantry-tree:
      size: 3031
      sha256: 3d80c157e04a1ded3528dec7b81e1c310eaf21d84f5330950c7f7387daee6dc7
  original:
    hackage: Chart-1.9.1
- completed:
    hackage: Chart-cairo-1.9.1@sha256:85605a4663f319e482bbd208c1e44c3cc8e0ec094fcd41b6afa3db4ce60635b0,925
    pantry-tree:
      size: 238
      sha256: 832739931c5d84c3c7b357782dd75cda9548a496f0be21cd1163e2b5e14fd89c
  original:
    hackage: Chart-cairo-1.9.1
snapshots:
- completed:
    size: 525662
    url: https://raw.githubusercontent.com/commercialhaskell/stackage-snapshots/master/lts/14/15.yaml
    sha256: c5e673e5723931b64ef2eb5004f6d9ea3c95b58d48388dbc4de6f66b97c81f7a
  original: lts-14.15
